
Microsoft Visual Studio Solution File, Format Version 12.00
# Visual Studio Version 16
VisualStudioVersion = 16.0.30523.141
MinimumVisualStudioVersion = 10.0.40219.1
Project("{9A19103F-16F7-4668-BE54-9A1E7A4F7556}") = "Business", "Business\Business.csproj", "{D80C9B4D-8A27-43D7-9639-691CED376334}"
EndProject
Project("{9A19103F-16F7-4668-BE54-9A1E7A4F7556}") = "Entities", "Entities\Entities.csproj", "{E85B91CA-EE39-4806-A03C-B03C4C2A58EE}"
EndProject
Project("{9A19103F-16F7-4668-BE54-9A1E7A4F7556}") = "DataAccess", "DataAccess\DataAccess.csproj", "{F492B5C0-10A3-4FD7-BDE6-13AC94259067}"
EndProject
Project("{FAE04EC0-301F-11D3-BF4B-00C04F79EFBC}") = "Core", "Core\Core.csproj", "{841E8A87-6435-423D-9B27-01CF3D458F65}"
EndProject
Project("{FAE04EC0-301F-11D3-BF4B-00C04F79EFBC}") = "WebAPI", "WebAPI\WebAPI.csproj", "{82395EF2-5540-49BA-92B0-149A17F9DBA3}"
EndProject
Global
	GlobalSection(SolutionConfigurationPlatforms) = preSolution
		Debug|Any CPU = Debug|Any CPU
		Release|Any CPU = Release|Any CPU
	EndGlobalSection
	GlobalSection(ProjectConfigurationPlatforms) = postSolution
		{D80C9B4D-8A27-43D7-9639-691CED376334}.Debug|Any CPU.ActiveCfg = Debug|Any CPU
		{D80C9B4D-8A27-43D7-9639-691CED376334}.Debug|Any CPU.Build.0 = Debug|Any CPU
		{D80C9B4D-8A27-43D7-9639-691CED376334}.Release|Any CPU.ActiveCfg = Release|Any CPU
		{D80C9B4D-8A27-43D7-9639-691CED376334}.Release|Any CPU.Build.0 = Release|Any CPU
		{E85B91CA-EE39-4806-A03C-B03C4C2A58EE}.Debug|Any CPU.ActiveCfg = Debug|Any CPU
		{E85B91CA-EE39-4806-A03C-B03C4C2A58EE}.Debug|Any CPU.Build.0 = Debug|Any CPU
		{E85B91CA-EE39-4806-A03C-B03C4C2A58EE}.Release|Any CPU.ActiveCfg = Release|Any CPU
		{E85B91CA-EE39-4806-A03C-B03C4C2A58EE}.Release|Any CPU.Build.0 = Release|Any CPU
		{F492B5C0-10A3-4FD7-BDE6-13AC94259067}.Debug|Any CPU.ActiveCfg = Debug|Any CPU
		{F492B5C0-10A3-4FD7-BDE6-13AC94259067}.Debug|Any CPU.Build.0 = Debug|Any CPU
		{F492B5C0-10A3-4FD7-BDE6-13AC94259067}.Release|Any CPU.ActiveCfg = Release|Any CPU
		{F492B5C0-10A3-4FD7-BDE6-13AC94259067}.Release|Any CPU.Build.0 = Release|Any CPU
		{841E8A87-6435-423D-9B27-01CF3D458F65}.Debug|Any CPU.ActiveCfg = Debug|Any CPU
		{841E8A87-6435-423D-9B27-01CF3D458F65}.Debug|Any CPU.Build.0 = Debug|Any CPU
		{841E8A87-6435-423D-9B27-01CF3D458F65}.Release|Any CPU.ActiveCfg = Release|Any CPU
		{841E8A87-6435-423D-9B27-01CF3D458F65}.Release|Any CPU.Build.0 = Release|Any CPU
		{82395EF2-5540-49BA-92B0-149A17F9DBA3}.Debug|Any CPU.ActiveCfg = Debug|Any CPU
		{82395EF2-5540-49BA-92B0-149A17F9DBA3}.Debug|Any CPU.Build.0 = Debug|Any CPU
		{82395EF2-5540-49BA-92B0-149A17F9DBA3}.Release|Any CPU.ActiveCfg = Release|Any CPU
		{82395EF2-5540-49BA-92B0-149A17F9DBA3}.Release|Any CPU.Build.0 = Release|Any CPU
	EndGlobalSection
	GlobalSection(SolutionProperties) = preSolution
		HideSolutionNode = FALSE
	EndGlobalSection
	GlobalSection(ExtensibilityGlobals) = postSolution
		SolutionGuid = {66CAB20C-7C27-4CE8-A372-37936A3FBC83}
	EndGlobalSection
EndGlobal
